// !$*UTF8*$!
{
	archiveVersion = 1;
	classes = {
	};
	objectVersion = 50;
	objects = {

/* Begin PBXBuildFile section */
		04A09EDB245059C70072BF7F /* ProfileView.swift in Sources */ = {isa = PBXBuildFile; fileRef = 04A09EDA245059C70072BF7F /* ProfileView.swift */; };
		04A09EDD24505ACC0072BF7F /* InfoVStackView.swift in Sources */ = {isa = PBXBuildFile; fileRef = 04A09EDC24505ACC0072BF7F /* InfoVStackView.swift */; };
		04A09EE124505B2B0072BF7F /* HomeTopScrollView.swift in Sources */ = {isa = PBXBuildFile; fileRef = 04A09EE024505B2B0072BF7F /* HomeTopScrollView.swift */; };
		04A09EE324505B380072BF7F /* HomeView.swift in Sources */ = {isa = PBXBuildFile; fileRef = 04A09EE224505B380072BF7F /* HomeView.swift */; };
		04A09EE524505C000072BF7F /* StoryView.swift in Sources */ = {isa = PBXBuildFile; fileRef = 04A09EE424505C000072BF7F /* StoryView.swift */; };
		04A09EE724505CD90072BF7F /* ImageCell.swift in Sources */ = {isa = PBXBuildFile; fileRef = 04A09EE624505CD90072BF7F /* ImageCell.swift */; };
		04A09EE924505F3E0072BF7F /* TopPersonView.swift in Sources */ = {isa = PBXBuildFile; fileRef = 04A09EE824505F3E0072BF7F /* TopPersonView.swift */; };
		04A09EEB24505F6D0072BF7F /* ImageHomeView.swift in Sources */ = {isa = PBXBuildFile; fileRef = 04A09EEA24505F6D0072BF7F /* ImageHomeView.swift */; };
		04A09EED24505F940072BF7F /* BottomButtonsView.swift in Sources */ = {isa = PBXBuildFile; fileRef = 04A09EEC24505F930072BF7F /* BottomButtonsView.swift */; };
		04A09EEF245061910072BF7F /* TopView.swift in Sources */ = {isa = PBXBuildFile; fileRef = 04A09EEE245061910072BF7F /* TopView.swift */; };
		04A09EF1245061B70072BF7F /* BioView.swift in Sources */ = {isa = PBXBuildFile; fileRef = 04A09EF0245061B70072BF7F /* BioView.swift */; };
		04A09EF3245061E20072BF7F /* EditButtonView.swift in Sources */ = {isa = PBXBuildFile; fileRef = 04A09EF2245061E20072BF7F /* EditButtonView.swift */; };
		04A09EF62450620C0072BF7F /* HButtonView.swift in Sources */ = {isa = PBXBuildFile; fileRef = 04A09EF52450620C0072BF7F /* HButtonView.swift */; };
		04A09EF8245062330072BF7F /* ImageView.swift in Sources */ = {isa = PBXBuildFile; fileRef = 04A09EF7245062330072BF7F /* ImageView.swift */; };
		04A09EFA2450628E0072BF7F /* CompleteYourProfileView.swift in Sources */ = {isa = PBXBuildFile; fileRef = 04A09EF92450628E0072BF7F /* CompleteYourProfileView.swift */; };
		04A09EFC245062AE0072BF7F /* CardView.swift in Sources */ = {isa = PBXBuildFile; fileRef = 04A09EFB245062AE0072BF7F /* CardView.swift */; };
		04AAA7F7244E2B2A003994E4 /* AppDelegate.swift in Sources */ = {isa = PBXBuildFile; fileRef = 04AAA7F6244E2B2A003994E4 /* AppDelegate.swift */; };
		04AAA7F9244E2B2A003994E4 /* SceneDelegate.swift in Sources */ = {isa = PBXBuildFile; fileRef = 04AAA7F8244E2B2A003994E4 /* SceneDelegate.swift */; };
		04AAA7FC244E2B2A003994E4 /* SwiftUI_Instagram.xcdatamodeld in Sources */ = {isa = PBXBuildFile; fileRef = 04AAA7FA244E2B2A003994E4 /* SwiftUI_Instagram.xcdatamodeld */; };
		04AAA7FE244E2B2A003994E4 /* ContentView.swift in Sources */ = {isa = PBXBuildFile; fileRef = 04AAA7FD244E2B2A003994E4 /* ContentView.swift */; };
		04AAA800244E2B2C003994E4 /* Assets.xcassets in Resources */ = {isa = PBXBuildFile; fileRef = 04AAA7FF244E2B2C003994E4 /* Assets.xcassets */; };
		04AAA803244E2B2C003994E4 /* Preview Assets.xcassets in Resources */ = {isa = PBXBuildFile; fileRef = 04AAA802244E2B2C003994E4 /* Preview Assets.xcassets */; };
		04AAA806244E2B2C003994E4 /* LaunchScreen.storyboard in Resources */ = {isa = PBXBuildFile; fileRef = 04AAA804244E2B2C003994E4 /* LaunchScreen.storyboard */; };
/* End PBXBuildFile section */

/* Begin PBXFileReference section */
		04A09EDA245059C70072BF7F /* ProfileView.swift */ = {isa = PBXFileReference; lastKnownFileType = sourcecode.swift; path = ProfileView.swift; sourceTree = "<group>"; };
		04A09EDC24505ACC0072BF7F /* InfoVStackView.swift */ = {isa = PBXFileReference; lastKnownFileType = sourcecode.swift; path = InfoVStackView.swift; sourceTree = "<group>"; };
		04A09EE024505B2B0072BF7F /* HomeTopScrollView.swift */ = {isa = PBXFileReference; lastKnownFileType = sourcecode.swift; path = HomeTopScrollView.swift; sourceTree = "<group>"; };
		04A09EE224505B380072BF7F /* HomeView.swift */ = {isa = PBXFileReference; lastKnownFileType = sourcecode.swift; path = HomeView.swift; sourceTree = "<group>"; };
		04A09EE424505C000072BF7F /* StoryView.swift */ = {isa = PBXFileReference; lastKnownFileType = sourcecode.swift; path = StoryView.swift; sourceTree = "<group>"; };
		04A09EE624505CD90072BF7F /* ImageCell.swift */ = {isa = PBXFileReference; lastKnownFileType = sourcecode.swift; path = ImageCell.swift; sourceTree = "<group>"; };
		04A09EE824505F3E0072BF7F /* TopPersonView.swift */ = {isa = PBXFileReference; lastKnownFileType = sourcecode.swift; path = TopPersonView.swift; sourceTree = "<group>"; };
		04A09EEA24505F6D0072BF7F /* ImageHomeView.swift */ = {isa = PBXFileReference; lastKnownFileType = sourcecode.swift; path = ImageHomeView.swift; sourceTree = "<group>"; };
		04A09EEC24505F930072BF7F /* BottomButtonsView.swift */ = {isa = PBXFileReference; lastKnownFileType = sourcecode.swift; path = BottomButtonsView.swift; sourceTree = "<group>"; };
		04A09EEE245061910072BF7F /* TopView.swift */ = {isa = PBXFileReference; lastKnownFileType = sourcecode.swift; path = TopView.swift; sourceTree = "<group>"; };
		04A09EF0245061B70072BF7F /* BioView.swift */ = {isa = PBXFileReference; lastKnownFileType = sourcecode.swift; path = BioView.swift; sourceTree = "<group>"; };
		04A09EF2245061E20072BF7F /* EditButtonView.swift */ = {isa = PBXFileReference; lastKnownFileType = sourcecode.swift; path = EditButtonView.swift; sourceTree = "<group>"; };
		04A09EF52450620C0072BF7F /* HButtonView.swift */ = {isa = PBXFileReference; lastKnownFileType = sourcecode.swift; path = HButtonView.swift; sourceTree = "<group>"; };
		04A09EF7245062330072BF7F /* ImageView.swift */ = {isa = PBXFileReference; lastKnownFileType = sourcecode.swift; path = ImageView.swift; sourceTree = "<group>"; };
		04A09EF92450628E0072BF7F /* CompleteYourProfileView.swift */ = {isa = PBXFileReference; lastKnownFileType = sourcecode.swift; path = CompleteYourProfileView.swift; sourceTree = "<group>"; };
		04A09EFB245062AE0072BF7F /* CardView.swift */ = {isa = PBXFileReference; lastKnownFileType = sourcecode.swift; path = CardView.swift; sourceTree = "<group>"; };
		04AAA7F3244E2B2A003994E4 /* SwiftUI_Instagram.app */ = {isa = PBXFileReference; explicitFileType = wrapper.application; includeInIndex = 0; path = SwiftUI_Instagram.app; sourceTree = BUILT_PRODUCTS_DIR; };
		04AAA7F6244E2B2A003994E4 /* AppDelegate.swift */ = {isa = PBXFileReference; lastKnownFileType = sourcecode.swift; path = AppDelegate.swift; sourceTree = "<group>"; };
		04AAA7F8244E2B2A003994E4 /* SceneDelegate.swift */ = {isa = PBXFileReference; lastKnownFileType = sourcecode.swift; path = SceneDelegate.swift; sourceTree = "<group>"; };
		04AAA7FB244E2B2A003994E4 /* SwiftUI_Instagram.xcdatamodel */ = {isa = PBXFileReference; lastKnownFileType = wrapper.xcdatamodel; path = SwiftUI_Instagram.xcdatamodel; sourceTree = "<group>"; };
		04AAA7FD244E2B2A003994E4 /* ContentView.swift */ = {isa = PBXFileReference; lastKnownFileType = sourcecode.swift; path = ContentView.swift; sourceTree = "<group>"; };
		04AAA7FF244E2B2C003994E4 /* Assets.xcassets */ = {isa = PBXFileReference; lastKnownFileType = folder.assetcatalog; path = Assets.xcassets; sourceTree = "<group>"; };
		04AAA802244E2B2C003994E4 /* Preview Assets.xcassets */ = {isa = PBXFileReference; lastKnownFileType = folder.assetcatalog; path = "Preview Assets.xcassets"; sourceTree = "<group>"; };
		04AAA805244E2B2C003994E4 /* Base */ = {isa = PBXFileReference; lastKnownFileType = file.storyboard; name = Base; path = Base.lproj/LaunchScreen.storyboard; sourceTree = "<group>"; };
		04AAA807244E2B2C003994E4 /* Info.plist */ = {isa = PBXFileReference; lastKnownFileType = text.plist.xml; path = Info.plist; sourceTree = "<group>"; };
/* End PBXFileReference section */

/* Begin PBXFrameworksBuildPhase section */
		04AAA7F0244E2B2A003994E4 /* Frameworks */ = {
			isa = PBXFrameworksBuildPhase;
			buildActionMask = 2147483647;
			files = (
			);
			runOnlyForDeploymentPostprocessing = 0;
		};
/* End PBXFrameworksBuildPhase section */

/* Begin PBXGroup section */
		04A09EDE24505AF80072BF7F /* Home View */ = {
			isa = PBXGroup;
			children = (
				04A09EE224505B380072BF7F /* HomeView.swift */,
				04A09EE024505B2B0072BF7F /* HomeTopScrollView.swift */,
				04A09EE424505C000072BF7F /* StoryView.swift */,
				04A09EE624505CD90072BF7F /* ImageCell.swift */,
				04A09EE824505F3E0072BF7F /* TopPersonView.swift */,
				04A09EEA24505F6D0072BF7F /* ImageHomeView.swift */,
				04A09EEC24505F930072BF7F /* BottomButtonsView.swift */,
			);
			path = "Home View";
			sourceTree = "<group>";
		};
		04A09EDF24505AFF0072BF7F /* Profile View */ = {
			isa = PBXGroup;
			children = (
				04A09EDA245059C70072BF7F /* ProfileView.swift */,
				04A09EDC24505ACC0072BF7F /* InfoVStackView.swift */,
				04A09EEE245061910072BF7F /* TopView.swift */,
				04A09EF0245061B70072BF7F /* BioView.swift */,
				04A09EF2245061E20072BF7F /* EditButtonView.swift */,
				04A09EF52450620C0072BF7F /* HButtonView.swift */,
				04A09EF7245062330072BF7F /* ImageView.swift */,
				04A09EF92450628E0072BF7F /* CompleteYourProfileView.swift */,
				04A09EFB245062AE0072BF7F /* CardView.swift */,
			);
			path = "Profile View";
			sourceTree = "<group>";
		};
		04AAA7EA244E2B2A003994E4 = {
			isa = PBXGroup;
			children = (
				04AAA7F5244E2B2A003994E4 /* SwiftUI_Instagram */,
				04AAA7F4244E2B2A003994E4 /* Products */,
			);
			sourceTree = "<group>";
		};
		04AAA7F4244E2B2A003994E4 /* Products */ = {
			isa = PBXGroup;
			children = (
				04AAA7F3244E2B2A003994E4 /* SwiftUI_Instagram.app */,
			);
			name = Products;
			sourceTree = "<group>";
		};
		04AAA7F5244E2B2A003994E4 /* SwiftUI_Instagram */ = {
			isa = PBXGroup;
			children = (
				04AAA80F244E2B52003994E4 /* Resource */,
				04AAA80E244E2B41003994E4 /* AppDelegate */,
				04AAA80D244E2B35003994E4 /* View */,
				04AAA801244E2B2C003994E4 /* Preview Content */,
			);
			path = SwiftUI_Instagram;
			sourceTree = "<group>";
		};
		04AAA801244E2B2C003994E4 /* Preview Content */ = {
			isa = PBXGroup;
			children = (
				04AAA802244E2B2C003994E4 /* Preview Assets.xcassets */,
			);
			path = "Preview Content";
			sourceTree = "<group>";
		};
		04AAA80D244E2B35003994E4 /* View */ = {
			isa = PBXGroup;
			children = (
				04AAA7FD244E2B2A003994E4 /* ContentView.swift */,
				04A09EDF24505AFF0072BF7F /* Profile View */,
				04A09EDE24505AF80072BF7F /* Home View */,
			);
			path = View;
			sourceTree = "<group>";
		};
		04AAA80E244E2B41003994E4 /* AppDelegate */ = {
			isa = PBXGroup;
			children = (
				04AAA7F6244E2B2A003994E4 /* AppDelegate.swift */,
				04AAA7F8244E2B2A003994E4 /* SceneDelegate.swift */,
			);
			path = AppDelegate;
			sourceTree = "<group>";
		};
		04AAA80F244E2B52003994E4 /* Resource */ = {
			isa = PBXGroup;
			children = (
				04AAA7FF244E2B2C003994E4 /* Assets.xcassets */,
				04AAA804244E2B2C003994E4 /* LaunchScreen.storyboard */,
				04AAA807244E2B2C003994E4 /* Info.plist */,
				04AAA7FA244E2B2A003994E4 /* SwiftUI_Instagram.xcdatamodeld */,
			);
			path = Resource;
			sourceTree = "<group>";
		};
/* End PBXGroup section */

/* Begin PBXNativeTarget section */
		04AAA7F2244E2B2A003994E4 /* SwiftUI_Instagram */ = {
			isa = PBXNativeTarget;
			buildConfigurationList = 04AAA80A244E2B2C003994E4 /* Build configuration list for PBXNativeTarget "SwiftUI_Instagram" */;
			buildPhases = (
				04AAA7EF244E2B2A003994E4 /* Sources */,
				04AAA7F0244E2B2A003994E4 /* Frameworks */,
				04AAA7F1244E2B2A003994E4 /* Resources */,
			);
			buildRules = (
			);
			dependencies = (
			);
			name = SwiftUI_Instagram;
			productName = SwiftUI_Instagram;
			productReference = 04AAA7F3244E2B2A003994E4 /* SwiftUI_Instagram.app */;
			productType = "com.apple.product-type.application";
		};
/* End PBXNativeTarget section */

/* Begin PBXProject section */
		04AAA7EB244E2B2A003994E4 /* Project object */ = {
			isa = PBXProject;
			attributes = {
				LastSwiftUpdateCheck = 1130;
				LastUpgradeCheck = 1130;
				ORGANIZATIONNAME = "Eng Angelo E. Saber ";
				TargetAttributes = {
					04AAA7F2244E2B2A003994E4 = {
						CreatedOnToolsVersion = 11.3.1;
					};
				};
			};
			buildConfigurationList = 04AAA7EE244E2B2A003994E4 /* Build configuration list for PBXProject "SwiftUI_Instagram" */;
			compatibilityVersion = "Xcode 9.3";
			developmentRegion = en;
			hasScannedForEncodings = 0;
			knownRegions = (
				en,
				Base,
			);
			mainGroup = 04AAA7EA244E2B2A003994E4;
			productRefGroup = 04AAA7F4244E2B2A003994E4 /* Products */;
			projectDirPath = "";
			projectRoot = "";
			targets = (
				04AAA7F2244E2B2A003994E4 /* SwiftUI_Instagram */,
			);
		};
/* End PBXProject section */

/* Begin PBXResourcesBuildPhase section */
		04AAA7F1244E2B2A003994E4 /* Resources */ = {
			isa = PBXResourcesBuildPhase;
			buildActionMask = 2147483647;
			files = (
				04AAA806244E2B2C003994E4 /* LaunchScreen.storyboard in Resources */,
				04AAA803244E2B2C003994E4 /* Preview Assets.xcassets in Resources */,
				04AAA800244E2B2C003994E4 /* Assets.xcassets in Resources */,
			);
			runOnlyForDeploymentPostprocessing = 0;
		};
/* End PBXResourcesBuildPhase section */

/* Begin PBXSourcesBuildPhase section */
		04AAA7EF244E2B2A003994E4 /* Sources */ = {
			isa = PBXSourcesBuildPhase;
			buildActionMask = 2147483647;
			files = (
				04A09EEF245061910072BF7F /* TopView.swift in Sources */,
				04A09EE524505C000072BF7F /* StoryView.swift in Sources */,
				04AAA7F7244E2B2A003994E4 /* AppDelegate.swift in Sources */,
				04A09EE124505B2B0072BF7F /* HomeTopScrollView.swift in Sources */,
				04AAA7F9244E2B2A003994E4 /* SceneDelegate.swift in Sources */,
				04A09EFA2450628E0072BF7F /* CompleteYourProfileView.swift in Sources */,
				04A09EDD24505ACC0072BF7F /* InfoVStackView.swift in Sources */,
				04A09EF8245062330072BF7F /* ImageView.swift in Sources */,
				04A09EDB245059C70072BF7F /* ProfileView.swift in Sources */,
				04A09EF62450620C0072BF7F /* HButtonView.swift in Sources */,
				04A09EE324505B380072BF7F /* HomeView.swift in Sources */,
				04AAA7FE244E2B2A003994E4 /* ContentView.swift in Sources */,
				04A09EF1245061B70072BF7F /* BioView.swift in Sources */,
				04AAA7FC244E2B2A003994E4 /* SwiftUI_Instagram.xcdatamodeld in Sources */,
				04A09EFC245062AE0072BF7F /* CardView.swift in Sources */,
				04A09EEB24505F6D0072BF7F /* ImageHomeView.swift in Sources */,
				04A09EF3245061E20072BF7F /* EditButtonView.swift in Sources */,
				04A09EE724505CD90072BF7F /* ImageCell.swift in Sources */,
				04A09EE924505F3E0072BF7F /* TopPersonView.swift in Sources */,
				04A09EED24505F940072BF7F /* BottomButtonsView.swift in Sources */,
			);
			runOnlyForDeploymentPostprocessing = 0;
		};
/* End PBXSourcesBuildPhase section */

/* Begin PBXVariantGroup section */
		04AAA804244E2B2C003994E4 /* LaunchScreen.storyboard */ = {
			isa = PBXVariantGroup;
			children = (
				04AAA805244E2B2C003994E4 /* Base */,
			);
			name = LaunchScreen.storyboard;
			sourceTree = "<group>";
		};
/* End PBXVariantGroup section */

/* Begin XCBuildConfiguration section */
		04AAA808244E2B2C003994E4 /* Debug */ = {
			isa = XCBuildConfiguration;
			buildSettings = {
				ALWAYS_SEARCH_USER_PATHS = NO;
				CLANG_ANALYZER_NONNULL = YES;
				CLANG_ANALYZER_NUMBER_OBJECT_CONVERSION = YES_AGGRESSIVE;
				CLANG_CXX_LANGUAGE_STANDARD = "gnu++14";
				CLANG_CXX_LIBRARY = "libc++";
				CLANG_ENABLE_MODULES = YES;
				CLANG_ENABLE_OBJC_ARC = YES;
				CLANG_ENABLE_OBJC_WEAK = YES;
				CLANG_WARN_BLOCK_CAPTURE_AUTORELEASING = YES;
				CLANG_WARN_BOOL_CONVERSION = YES;
				CLANG_WARN_COMMA = YES;
				CLANG_WARN_CONSTANT_CONVERSION = YES;
				CLANG_WARN_DEPRECATED_OBJC_IMPLEMENTATIONS = YES;
				CLANG_WARN_DIRECT_OBJC_ISA_USAGE = YES_ERROR;
				CLANG_WARN_DOCUMENTATION_COMMENTS = YES;
				CLANG_WARN_EMPTY_BODY = YES;
				CLANG_WARN_ENUM_CONVERSION = YES;
				CLANG_WARN_INFINITE_RECURSION = YES;
				CLANG_WARN_INT_CONVERSION = YES;
				CLANG_WARN_NON_LITERAL_NULL_CONVERSION = YES;
				CLANG_WARN_OBJC_IMPLICIT_RETAIN_SELF = YES;
				CLANG_WARN_OBJC_LITERAL_CONVERSION = YES;
				CLANG_WARN_OBJC_ROOT_CLASS = YES_ERROR;
				CLANG_WARN_RANGE_LOOP_ANALYSIS = YES;
				CLANG_WARN_STRICT_PROTOTYPES = YES;
				CLANG_WARN_SUSPICIOUS_MOVE = YES;
				CLANG_WARN_UNGUARDED_AVAILABILITY = YES_AGGRESSIVE;
				CLANG_WARN_UNREACHABLE_CODE = YES;
				CLANG_WARN__DUPLICATE_METHOD_MATCH = YES;
				COPY_PHASE_STRIP = NO;
				DEBUG_INFORMATION_FORMAT = dwarf;
				ENABLE_STRICT_OBJC_MSGSEND = YES;
				ENABLE_TESTABILITY = YES;
				GCC_C_LANGUAGE_STANDARD = gnu11;
				GCC_DYNAMIC_NO_PIC = NO;
				GCC_NO_COMMON_BLOCKS = YES;
				GCC_OPTIMIZATION_LEVEL = 0;
				GCC_PREPROCESSOR_DEFINITIONS = (
					"DEBUG=1",
					"$(inherited)",
				);
				GCC_WARN_64_TO_32_BIT_CONVERSION = YES;
				GCC_WARN_ABOUT_RETURN_TYPE = YES_ERROR;
				GCC_WARN_UNDECLARED_SELECTOR = YES;
				GCC_WARN_UNINITIALIZED_AUTOS = YES_AGGRESSIVE;
				GCC_WARN_UNUSED_FUNCTION = YES;
				GCC_WARN_UNUSED_VARIABLE = YES;
				IPHONEOS_DEPLOYMENT_TARGET = 13.2;
				MTL_ENABLE_DEBUG_INFO = INCLUDE_SOURCE;
				MTL_FAST_MATH = YES;
				ONLY_ACTIVE_ARCH = YES;
				SDKROOT = iphoneos;
				SWIFT_ACTIVE_COMPILATION_CONDITIONS = DEBUG;
				SWIFT_OPTIMIZATION_LEVEL = "-Onone";
			};
			name = Debug;
		};
		04AAA809244E2B2C003994E4 /* Release */ = {
			isa = XCBuildConfiguration;
			buildSettings = {
				ALWAYS_SEARCH_USER_PATHS = NO;
				CLANG_ANALYZER_NONNULL = YES;
				CLANG_ANALYZER_NUMBER_OBJECT_CONVERSION = YES_AGGRESSIVE;
				CLANG_CXX_LANGUAGE_STANDARD = "gnu++14";
				CLANG_CXX_LIBRARY = "libc++";
				CLANG_ENABLE_MODULES = YES;
				CLANG_ENABLE_OBJC_ARC = YES;
				CLANG_ENABLE_OBJC_WEAK = YES;
				CLANG_WARN_BLOCK_CAPTURE_AUTORELEASING = YES;
				CLANG_WARN_BOOL_CONVERSION = YES;
				CLANG_WARN_COMMA = YES;
				CLANG_WARN_CONSTANT_CONVERSION = YES;
				CLANG_WARN_DEPRECATED_OBJC_IMPLEMENTATIONS = YES;
				CLANG_WARN_DIRECT_OBJC_ISA_USAGE = YES_ERROR;
				CLANG_WARN_DOCUMENTATION_COMMENTS = YES;
				CLANG_WARN_EMPTY_BODY = YES;
				CLANG_WARN_ENUM_CONVERSION = YES;
				CLANG_WARN_INFINITE_RECURSION = YES;
				CLANG_WARN_INT_CONVERSION = YES;
				CLANG_WARN_NON_LITERAL_NULL_CONVERSION = YES;
				CLANG_WARN_OBJC_IMPLICIT_RETAIN_SELF = YES;
				CLANG_WARN_OBJC_LITERAL_CONVERSION = YES;
				CLANG_WARN_OBJC_ROOT_CLASS = YES_ERROR;
				CLANG_WARN_RANGE_LOOP_ANALYSIS = YES;
				CLANG_WARN_STRICT_PROTOTYPES = YES;
				CLANG_WARN_SUSPICIOUS_MOVE = YES;
				CLANG_WARN_UNGUARDED_AVAILABILITY = YES_AGGRESSIVE;
				CLANG_WARN_UNREACHABLE_CODE = YES;
				CLANG_WARN__DUPLICATE_METHOD_MATCH = YES;
				COPY_PHASE_STRIP = NO;
				DEBUG_INFORMATION_FORMAT = "dwarf-with-dsym";
				ENABLE_NS_ASSERTIONS = NO;
				ENABLE_STRICT_OBJC_MSGSEND = YES;
				GCC_C_LANGUAGE_STANDARD = gnu11;
				GCC_NO_COMMON_BLOCKS = YES;
				GCC_WARN_64_TO_32_BIT_CONVERSION = YES;
				GCC_WARN_ABOUT_RETURN_TYPE = YES_ERROR;
				GCC_WARN_UNDECLARED_SELECTOR = YES;
				GCC_WARN_UNINITIALIZED_AUTOS = YES_AGGRESSIVE;
				GCC_WARN_UNUSED_FUNCTION = YES;
				GCC_WARN_UNUSED_VARIABLE = YES;
				IPHONEOS_DEPLOYMENT_TARGET = 13.2;
				MTL_ENABLE_DEBUG_INFO = NO;
				MTL_FAST_MATH = YES;
				SDKROOT = iphoneos;
				SWIFT_COMPILATION_MODE = wholemodule;
				SWIFT_OPTIMIZATION_LEVEL = "-O";
				VALIDATE_PRODUCT = YES;
			};
			name = Release;
		};
		04AAA80B244E2B2C003994E4 /* Debug */ = {
			isa = XCBuildConfiguration;
			buildSettings = {
				ASSETCATALOG_COMPILER_APPICON_NAME = AppIcon;
				CODE_SIGN_STYLE = Automatic;
				DEVELOPMENT_ASSET_PATHS = SwiftUI_Instagram/Resource/Assets.xcassets;
				ENABLE_PREVIEWS = YES;
				INFOPLIST_FILE = "$(SRCROOT)/SwiftUI_Instagram/Resource/Info.plist";
				LD_RUNPATH_SEARCH_PATHS = (
					"$(inherited)",
					"@executable_path/Frameworks",
				);
				PRODUCT_BUNDLE_IDENTIFIER = "Protcal-programming.SwiftUI-Instagram";
				PRODUCT_NAME = "$(TARGET_NAME)";
				SWIFT_VERSION = 5.0;
				TARGETED_DEVICE_FAMILY = 1;
			};
			name = Debug;
		};
		04AAA80C244E2B2C003994E4 /* Release */ = {
			isa = XCBuildConfiguration;
			buildSettings = {
				ASSETCATALOG_COMPILER_APPICON_NAME = AppIcon;
				CODE_SIGN_STYLE = Automatic;
				DEVELOPMENT_ASSET_PATHS = SwiftUI_Instagram/Resource/Assets.xcassets;
				ENABLE_PREVIEWS = YES;
				INFOPLIST_FILE = "$(SRCROOT)/SwiftUI_Instagram/Resource/Info.plist";
				LD_RUNPATH_SEARCH_PATHS = (
					"$(inherited)",
					"@executable_path/Frameworks",
				);
				PRODUCT_BUNDLE_IDENTIFIER = "Protcal-programming.SwiftUI-Instagram";
				PRODUCT_NAME = "$(TARGET_NAME)";
				SWIFT_VERSION = 5.0;
				TARGETED_DEVICE_FAMILY = 1;
			};
			name = Release;
		};
/* End XCBuildConfiguration section */

/* Begin XCConfigurationList section */
		04AAA7EE244E2B2A003994E4 /* Build configuration list for PBXProject "SwiftUI_Instagram" */ = {
			isa = XCConfigurationList;
			buildConfigurations = (
				04AAA808244E2B2C003994E4 /* Debug */,
				04AAA809244E2B2C003994E4 /* Release */,
			);
			defaultConfigurationIsVisible = 0;
			defaultConfigurationName = Release;
		};
		04AAA80A244E2B2C003994E4 /* Build configuration list for PBXNativeTarget "SwiftUI_Instagram" */ = {
			isa = XCConfigurationList;
			buildConfigurations = (
				04AAA80B244E2B2C003994E4 /* Debug */,
				04AAA80C244E2B2C003994E4 /* Release */,
			);
			defaultConfigurationIsVisible = 0;
			defaultConfigurationName = Release;
		};
/* End XCConfigurationList section */

/* Begin XCVersionGroup section */
		04AAA7FA244E2B2A003994E4 /* SwiftUI_Instagram.xcdatamodeld */ = {
			isa = XCVersionGroup;
			children = (
				04AAA7FB244E2B2A003994E4 /* SwiftUI_Instagram.xcdatamodel */,
			);
			currentVersion = 04AAA7FB244E2B2A003994E4 /* SwiftUI_Instagram.xcdatamodel */;
			path = SwiftUI_Instagram.xcdatamodeld;
			sourceTree = "<group>";
			versionGroupType = wrapper.xcdatamodel;
		};
/* End XCVersionGroup section */
	};
	rootObject = 04AAA7EB244E2B2A003994E4 /* Project object */;
}
